
Microsoft Visual Studio Solution File, Format Version 12.00
# Visual Studio Version 17
VisualStudioVersion = 17.4.33213.308
MinimumVisualStudioVersion = 10.0.40219.1
Project("{FAE04EC0-301F-11D3-BF4B-00C04F79EFBC}") = "Palindrome_Dumagpi", "Palindrome_Dumagpi\Palindrome_Dumagpi.csproj", "{AAE851A6-8679-4042-836E-2455EEA0B330}"
EndProject
Global
	GlobalSection(SolutionConfigurationPlatforms) = preSolution
		Debug|Any CPU = Debug|Any CPU
		Release|Any CPU = Release|Any CPU
	EndGlobalSection
	GlobalSection(ProjectConfigurationPlatforms) = postSolution
		{AAE851A6-8679-4042-836E-2455EEA0B330}.Debug|Any CPU.ActiveCfg = Debug|Any CPU
		{AAE851A6-8679-4042-836E-2455EEA0B330}.Debug|Any CPU.Build.0 = Debug|Any CPU
		{AAE851A6-8679-4042-836E-2455EEA0B330}.Release|Any CPU.ActiveCfg = Release|Any CPU
		{AAE851A6-8679-4042-836E-2455EEA0B330}.Release|Any CPU.Build.0 = Release|Any CPU
	EndGlobalSection
	GlobalSection(SolutionProperties) = preSolution
		HideSolutionNode = FALSE
	EndGlobalSection
	GlobalSection(ExtensibilityGlobals) = postSolution
		SolutionGuid = {D52D74A5-45CC-44E0-95E4-B4C16F5069CF}
	EndGlobalSection
EndGlobal
